
Microsoft Visual Studio Solution File, Format Version 12.00
# Visual Studio Version 16
VisualStudioVersion = 16.0.29409.12
MinimumVisualStudioVersion = 10.0.40219.1
Project("{FAE04EC0-301F-11D3-BF4B-00C04F79EFBC}") = "DockerDemo.Api", "src\DockerDemo.Api\DockerDemo.Api.csproj", "{B24072AE-3C91-45A3-AB67-959721830160}"
EndProject
Global
	GlobalSection(SolutionConfigurationPlatforms) = preSolution
		Debug|Any CPU = Debug|Any CPU
		Release|Any CPU = Release|Any CPU
	EndGlobalSection
	GlobalSection(ProjectConfigurationPlatforms) = postSolution
		{B24072AE-3C91-45A3-AB67-959721830160}.Debug|Any CPU.ActiveCfg = Debug|Any CPU
		{B24072AE-3C91-45A3-AB67-959721830160}.Debug|Any CPU.Build.0 = Debug|Any CPU
		{B24072AE-3C91-45A3-AB67-959721830160}.Release|Any CPU.ActiveCfg = Release|Any CPU
		{B24072AE-3C91-45A3-AB67-959721830160}.Release|Any CPU.Build.0 = Release|Any CPU
	EndGlobalSection
	GlobalSection(SolutionProperties) = preSolution
		HideSolutionNode = FALSE
	EndGlobalSection
	GlobalSection(ExtensibilityGlobals) = postSolution
		SolutionGuid = {151D4CD9-1B1A-44FA-80EA-E04E081E90FB}
	EndGlobalSection
EndGlobal
